
Microsoft Visual Studio Solution File, Format Version 12.00
# Visual Studio 15
VisualStudioVersion = 15.0.27703.2035
MinimumVisualStudioVersion = 10.0.40219.1
Project("{FAE04EC0-301F-11D3-BF4B-00C04F79EFBC}") = "ProjectBj.DAL", "ProjectBj.DAL\ProjectBj.DAL.csproj", "{F39B0A1A-CF4F-416D-B5AB-232A5479FCCD}"
EndProject
Project("{FAE04EC0-301F-11D3-BF4B-00C04F79EFBC}") = "ProjectBj.Entities", "ProjectBj.Entities\ProjectBj.Entities.csproj", "{FE68C0AB-C49B-4AD7-8675-493223B5F50C}"
EndProject
Project("{FAE04EC0-301F-11D3-BF4B-00C04F79EFBC}") = "ProjectBj.Logger", "ProjectBj.Logger\ProjectBj.Logger.csproj", "{B0F07411-1B51-4415-B5C5-095171B1D067}"
EndProject
Project("{FAE04EC0-301F-11D3-BF4B-00C04F79EFBC}") = "ProjectBj.Service", "ProjectBj.Service\ProjectBj.Service.csproj", "{D8587967-8E91-44ED-851B-2FA11E44CC0A}"
EndProject
Project("{FAE04EC0-301F-11D3-BF4B-00C04F79EFBC}") = "ProjectBj.Web", "ProjectBj.Web\ProjectBj.Web.csproj", "{924CA740-A4C5-48D0-8BA7-88C3E51CB8DB}"
EndProject
Project("{FAE04EC0-301F-11D3-BF4B-00C04F79EFBC}") = "ProjectBj.ViewModels", "ProjectBj.ViewModels\ProjectBj.ViewModels.csproj", "{28004629-1A7A-4632-AB7D-A1857B170D46}"
EndProject
Global
	GlobalSection(SolutionConfigurationPlatforms) = preSolution
		Debug|Any CPU = Debug|Any CPU
		Release|Any CPU = Release|Any CPU
	EndGlobalSection
	GlobalSection(ProjectConfigurationPlatforms) = postSolution
		{F39B0A1A-CF4F-416D-B5AB-232A5479FCCD}.Debug|Any CPU.ActiveCfg = Debug|Any CPU
		{F39B0A1A-CF4F-416D-B5AB-232A5479FCCD}.Debug|Any CPU.Build.0 = Debug|Any CPU
		{F39B0A1A-CF4F-416D-B5AB-232A5479FCCD}.Release|Any CPU.ActiveCfg = Release|Any CPU
		{F39B0A1A-CF4F-416D-B5AB-232A5479FCCD}.Release|Any CPU.Build.0 = Release|Any CPU
		{FE68C0AB-C49B-4AD7-8675-493223B5F50C}.Debug|Any CPU.ActiveCfg = Debug|Any CPU
		{FE68C0AB-C49B-4AD7-8675-493223B5F50C}.Debug|Any CPU.Build.0 = Debug|Any CPU
		{FE68C0AB-C49B-4AD7-8675-493223B5F50C}.Release|Any CPU.ActiveCfg = Release|Any CPU
		{FE68C0AB-C49B-4AD7-8675-493223B5F50C}.Release|Any CPU.Build.0 = Release|Any CPU
		{B0F07411-1B51-4415-B5C5-095171B1D067}.Debug|Any CPU.ActiveCfg = Debug|Any CPU
		{B0F07411-1B51-4415-B5C5-095171B1D067}.Debug|Any CPU.Build.0 = Debug|Any CPU
		{B0F07411-1B51-4415-B5C5-095171B1D067}.Release|Any CPU.ActiveCfg = Release|Any CPU
		{B0F07411-1B51-4415-B5C5-095171B1D067}.Release|Any CPU.Build.0 = Release|Any CPU
		{D8587967-8E91-44ED-851B-2FA11E44CC0A}.Debug|Any CPU.ActiveCfg = Debug|Any CPU
		{D8587967-8E91-44ED-851B-2FA11E44CC0A}.Debug|Any CPU.Build.0 = Debug|Any CPU
		{D8587967-8E91-44ED-851B-2FA11E44CC0A}.Release|Any CPU.ActiveCfg = Release|Any CPU
		{D8587967-8E91-44ED-851B-2FA11E44CC0A}.Release|Any CPU.Build.0 = Release|Any CPU
		{924CA740-A4C5-48D0-8BA7-88C3E51CB8DB}.Debug|Any CPU.ActiveCfg = Debug|Any CPU
		{924CA740-A4C5-48D0-8BA7-88C3E51CB8DB}.Debug|Any CPU.Build.0 = Debug|Any CPU
		{924CA740-A4C5-48D0-8BA7-88C3E51CB8DB}.Release|Any CPU.ActiveCfg = Release|Any CPU
		{924CA740-A4C5-48D0-8BA7-88C3E51CB8DB}.Release|Any CPU.Build.0 = Release|Any CPU
		{28004629-1A7A-4632-AB7D-A1857B170D46}.Debug|Any CPU.ActiveCfg = Debug|Any CPU
		{28004629-1A7A-4632-AB7D-A1857B170D46}.Debug|Any CPU.Build.0 = Debug|Any CPU
		{28004629-1A7A-4632-AB7D-A1857B170D46}.Release|Any CPU.ActiveCfg = Release|Any CPU
		{28004629-1A7A-4632-AB7D-A1857B170D46}.Release|Any CPU.Build.0 = Release|Any CPU
	EndGlobalSection
	GlobalSection(SolutionProperties) = preSolution
		HideSolutionNode = FALSE
	EndGlobalSection
	GlobalSection(ExtensibilityGlobals) = postSolution
		SolutionGuid = {1DB30F05-3FC7-4CD3-AC0A-8B38AA799BC3}
	EndGlobalSection
EndGlobal
